
Microsoft Visual Studio Solution File, Format Version 12.00
# Visual Studio Version 16
VisualStudioVersion = 16.0.31205.134
MinimumVisualStudioVersion = 10.0.40219.1
Project("{9A19103F-16F7-4668-BE54-9A1E7A4F7556}") = "LuckyDice", "LuckyDice\LuckyDice.csproj", "{540204D5-0FD0-4902-8E60-5F1CE3F9028F}"
EndProject
Project("{FAE04EC0-301F-11D3-BF4B-00C04F79EFBC}") = "Server", "Server\Server.csproj", "{9EE70FD2-AF76-43CA-9A02-CA53C0BC217A}"
EndProject
Global
	GlobalSection(SolutionConfigurationPlatforms) = preSolution
		Debug|Any CPU = Debug|Any CPU
		Release|Any CPU = Release|Any CPU
	EndGlobalSection
	GlobalSection(ProjectConfigurationPlatforms) = postSolution
		{540204D5-0FD0-4902-8E60-5F1CE3F9028F}.Debug|Any CPU.ActiveCfg = Debug|Any CPU
		{540204D5-0FD0-4902-8E60-5F1CE3F9028F}.Debug|Any CPU.Build.0 = Debug|Any CPU
		{540204D5-0FD0-4902-8E60-5F1CE3F9028F}.Release|Any CPU.ActiveCfg = Release|Any CPU
		{540204D5-0FD0-4902-8E60-5F1CE3F9028F}.Release|Any CPU.Build.0 = Release|Any CPU
		{9EE70FD2-AF76-43CA-9A02-CA53C0BC217A}.Debug|Any CPU.ActiveCfg = Debug|Any CPU
		{9EE70FD2-AF76-43CA-9A02-CA53C0BC217A}.Debug|Any CPU.Build.0 = Debug|Any CPU
		{9EE70FD2-AF76-43CA-9A02-CA53C0BC217A}.Release|Any CPU.ActiveCfg = Release|Any CPU
		{9EE70FD2-AF76-43CA-9A02-CA53C0BC217A}.Release|Any CPU.Build.0 = Release|Any CPU
	EndGlobalSection
	GlobalSection(SolutionProperties) = preSolution
		HideSolutionNode = FALSE
	EndGlobalSection
	GlobalSection(ExtensibilityGlobals) = postSolution
		SolutionGuid = {EB01A1CE-AE2E-4D5F-BB91-82CAE2CA31D3}
	EndGlobalSection
EndGlobal
